
Microsoft Visual Studio Solution File, Format Version 12.00
# Visual Studio 14
VisualStudioVersion = 14.0.25420.1
MinimumVisualStudioVersion = 10.0.40219.1
Project("{FAE04EC0-301F-11D3-BF4B-00C04F79EFBC}") = "[IBS]VetPlus", "[IBS]VetPlus\[IBS]VetPlus.csproj", "{F7B80AE2-26FE-4EEB-B8CC-EC693F1DC028}"
	ProjectSection(ProjectDependencies) = postProject
		{5F3F60E0-4E78-43F7-85A6-A0252FD35199} = {5F3F60E0-4E78-43F7-85A6-A0252FD35199}
		{82AA81F9-9B81-469F-9612-DF13F3F9BC87} = {82AA81F9-9B81-469F-9612-DF13F3F9BC87}
	EndProjectSection
EndProject
Project("{2150E333-8FDC-42A3-9474-1A3956D46DE8}") = "DataAccessLayer", "DataAccessLayer", "{968E9E7F-3D18-40DA-9B0F-69EC82D822C8}"
EndProject
Project("{2150E333-8FDC-42A3-9474-1A3956D46DE8}") = "BusinessLogicLayer", "BusinessLogicLayer", "{8BF87B87-ECE4-4CD5-84C3-7B9402391082}"
EndProject
Project("{2150E333-8FDC-42A3-9474-1A3956D46DE8}") = "PresentationLayer", "PresentationLayer", "{9937A7F3-DDFF-495F-A923-1E4A264B811D}"
EndProject
Project("{FAE04EC0-301F-11D3-BF4B-00C04F79EFBC}") = "[IBS]InfoDAL", "[IBS]InfoDAL\[IBS]InfoDAL.csproj", "{961979B7-5D03-4EA4-9DF5-05A0591298B1}"
EndProject
Project("{FAE04EC0-301F-11D3-BF4B-00C04F79EFBC}") = "[IBS]AuthDAL", "[IBS]AuthDAL\[IBS]AuthDAL.csproj", "{CC226F5E-2710-4AE4-A72B-69B80551AC47}"
	ProjectSection(ProjectDependencies) = postProject
		{5CAF5A00-6997-41E4-B33E-CA2C6AE3363B} = {5CAF5A00-6997-41E4-B33E-CA2C6AE3363B}
		{EA38BBFE-8186-4718-8D68-A8A04DEABFB4} = {EA38BBFE-8186-4718-8D68-A8A04DEABFB4}
	EndProjectSection
EndProject
Project("{FAE04EC0-301F-11D3-BF4B-00C04F79EFBC}") = "[IBS]InfoBLL", "[IBS]InfoBLL\[IBS]InfoBLL.csproj", "{82AA81F9-9B81-469F-9612-DF13F3F9BC87}"
	ProjectSection(ProjectDependencies) = postProject
		{5CAF5A00-6997-41E4-B33E-CA2C6AE3363B} = {5CAF5A00-6997-41E4-B33E-CA2C6AE3363B}
		{C7BEEA60-0AD9-4851-A2C1-485FFE52A03C} = {C7BEEA60-0AD9-4851-A2C1-485FFE52A03C}
		{961979B7-5D03-4EA4-9DF5-05A0591298B1} = {961979B7-5D03-4EA4-9DF5-05A0591298B1}
		{EA38BBFE-8186-4718-8D68-A8A04DEABFB4} = {EA38BBFE-8186-4718-8D68-A8A04DEABFB4}
	EndProjectSection
EndProject
Project("{FAE04EC0-301F-11D3-BF4B-00C04F79EFBC}") = "[IBS]AuthBLL", "[IBS]AuthBLL\[IBS]AuthBLL.csproj", "{5F3F60E0-4E78-43F7-85A6-A0252FD35199}"
	ProjectSection(ProjectDependencies) = postProject
		{5CAF5A00-6997-41E4-B33E-CA2C6AE3363B} = {5CAF5A00-6997-41E4-B33E-CA2C6AE3363B}
		{CC226F5E-2710-4AE4-A72B-69B80551AC47} = {CC226F5E-2710-4AE4-A72B-69B80551AC47}
		{C7BEEA60-0AD9-4851-A2C1-485FFE52A03C} = {C7BEEA60-0AD9-4851-A2C1-485FFE52A03C}
		{EA38BBFE-8186-4718-8D68-A8A04DEABFB4} = {EA38BBFE-8186-4718-8D68-A8A04DEABFB4}
	EndProjectSection
EndProject
Project("{2150E333-8FDC-42A3-9474-1A3956D46DE8}") = "Interfaces", "Interfaces", "{73E2348C-24B0-4E61-8EC7-6E6745E50F0D}"
EndProject
Project("{2150E333-8FDC-42A3-9474-1A3956D46DE8}") = "DAL", "DAL", "{99ADDC9D-9235-4D6A-A307-6AC7FD5EB90A}"
EndProject
Project("{2150E333-8FDC-42A3-9474-1A3956D46DE8}") = "BLL", "BLL", "{31484A38-295C-4D18-BAEF-9BE8E2D53F38}"
EndProject
Project("{FAE04EC0-301F-11D3-BF4B-00C04F79EFBC}") = "[IBS]InterfacesBLL", "[IBS]InterfacesBLL\[IBS]InterfacesBLL.csproj", "{C7BEEA60-0AD9-4851-A2C1-485FFE52A03C}"
	ProjectSection(ProjectDependencies) = postProject
		{5CAF5A00-6997-41E4-B33E-CA2C6AE3363B} = {5CAF5A00-6997-41E4-B33E-CA2C6AE3363B}
	EndProjectSection
EndProject
Project("{FAE04EC0-301F-11D3-BF4B-00C04F79EFBC}") = "[IBS]InterfacesDAL", "[IBS]InterfacesDAL\[IBS]InterfacesDAL.csproj", "{EA38BBFE-8186-4718-8D68-A8A04DEABFB4}"
EndProject
Project("{2150E333-8FDC-42A3-9474-1A3956D46DE8}") = "Entities", "Entities", "{662B77D5-0E78-46D1-91E7-42B36ADA25D9}"
EndProject
Project("{FAE04EC0-301F-11D3-BF4B-00C04F79EFBC}") = "[IBS]Entities", "[IBS]Entities\[IBS]Entities.csproj", "{5CAF5A00-6997-41E4-B33E-CA2C6AE3363B}"
EndProject
Global
	GlobalSection(SolutionConfigurationPlatforms) = preSolution
		Debug|Any CPU = Debug|Any CPU
		Release|Any CPU = Release|Any CPU
	EndGlobalSection
	GlobalSection(ProjectConfigurationPlatforms) = postSolution
		{F7B80AE2-26FE-4EEB-B8CC-EC693F1DC028}.Debug|Any CPU.ActiveCfg = Debug|Any CPU
		{F7B80AE2-26FE-4EEB-B8CC-EC693F1DC028}.Debug|Any CPU.Build.0 = Debug|Any CPU
		{F7B80AE2-26FE-4EEB-B8CC-EC693F1DC028}.Release|Any CPU.ActiveCfg = Release|Any CPU
		{F7B80AE2-26FE-4EEB-B8CC-EC693F1DC028}.Release|Any CPU.Build.0 = Release|Any CPU
		{961979B7-5D03-4EA4-9DF5-05A0591298B1}.Debug|Any CPU.ActiveCfg = Debug|Any CPU
		{961979B7-5D03-4EA4-9DF5-05A0591298B1}.Debug|Any CPU.Build.0 = Debug|Any CPU
		{961979B7-5D03-4EA4-9DF5-05A0591298B1}.Release|Any CPU.ActiveCfg = Release|Any CPU
		{961979B7-5D03-4EA4-9DF5-05A0591298B1}.Release|Any CPU.Build.0 = Release|Any CPU
		{CC226F5E-2710-4AE4-A72B-69B80551AC47}.Debug|Any CPU.ActiveCfg = Debug|Any CPU
		{CC226F5E-2710-4AE4-A72B-69B80551AC47}.Debug|Any CPU.Build.0 = Debug|Any CPU
		{CC226F5E-2710-4AE4-A72B-69B80551AC47}.Release|Any CPU.ActiveCfg = Release|Any CPU
		{CC226F5E-2710-4AE4-A72B-69B80551AC47}.Release|Any CPU.Build.0 = Release|Any CPU
		{82AA81F9-9B81-469F-9612-DF13F3F9BC87}.Debug|Any CPU.ActiveCfg = Debug|Any CPU
		{82AA81F9-9B81-469F-9612-DF13F3F9BC87}.Debug|Any CPU.Build.0 = Debug|Any CPU
		{82AA81F9-9B81-469F-9612-DF13F3F9BC87}.Release|Any CPU.ActiveCfg = Release|Any CPU
		{82AA81F9-9B81-469F-9612-DF13F3F9BC87}.Release|Any CPU.Build.0 = Release|Any CPU
		{5F3F60E0-4E78-43F7-85A6-A0252FD35199}.Debug|Any CPU.ActiveCfg = Debug|Any CPU
		{5F3F60E0-4E78-43F7-85A6-A0252FD35199}.Debug|Any CPU.Build.0 = Debug|Any CPU
		{5F3F60E0-4E78-43F7-85A6-A0252FD35199}.Release|Any CPU.ActiveCfg = Release|Any CPU
		{5F3F60E0-4E78-43F7-85A6-A0252FD35199}.Release|Any CPU.Build.0 = Release|Any CPU
		{C7BEEA60-0AD9-4851-A2C1-485FFE52A03C}.Debug|Any CPU.ActiveCfg = Debug|Any CPU
		{C7BEEA60-0AD9-4851-A2C1-485FFE52A03C}.Debug|Any CPU.Build.0 = Debug|Any CPU
		{C7BEEA60-0AD9-4851-A2C1-485FFE52A03C}.Release|Any CPU.ActiveCfg = Release|Any CPU
		{C7BEEA60-0AD9-4851-A2C1-485FFE52A03C}.Release|Any CPU.Build.0 = Release|Any CPU
		{EA38BBFE-8186-4718-8D68-A8A04DEABFB4}.Debug|Any CPU.ActiveCfg = Debug|Any CPU
		{EA38BBFE-8186-4718-8D68-A8A04DEABFB4}.Debug|Any CPU.Build.0 = Debug|Any CPU
		{EA38BBFE-8186-4718-8D68-A8A04DEABFB4}.Release|Any CPU.ActiveCfg = Release|Any CPU
		{EA38BBFE-8186-4718-8D68-A8A04DEABFB4}.Release|Any CPU.Build.0 = Release|Any CPU
		{5CAF5A00-6997-41E4-B33E-CA2C6AE3363B}.Debug|Any CPU.ActiveCfg = Debug|Any CPU
		{5CAF5A00-6997-41E4-B33E-CA2C6AE3363B}.Debug|Any CPU.Build.0 = Debug|Any CPU
		{5CAF5A00-6997-41E4-B33E-CA2C6AE3363B}.Release|Any CPU.ActiveCfg = Release|Any CPU
		{5CAF5A00-6997-41E4-B33E-CA2C6AE3363B}.Release|Any CPU.Build.0 = Release|Any CPU
	EndGlobalSection
	GlobalSection(SolutionProperties) = preSolution
		HideSolutionNode = FALSE
	EndGlobalSection
	GlobalSection(NestedProjects) = preSolution
		{F7B80AE2-26FE-4EEB-B8CC-EC693F1DC028} = {9937A7F3-DDFF-495F-A923-1E4A264B811D}
		{961979B7-5D03-4EA4-9DF5-05A0591298B1} = {968E9E7F-3D18-40DA-9B0F-69EC82D822C8}
		{CC226F5E-2710-4AE4-A72B-69B80551AC47} = {968E9E7F-3D18-40DA-9B0F-69EC82D822C8}
		{82AA81F9-9B81-469F-9612-DF13F3F9BC87} = {8BF87B87-ECE4-4CD5-84C3-7B9402391082}
		{5F3F60E0-4E78-43F7-85A6-A0252FD35199} = {8BF87B87-ECE4-4CD5-84C3-7B9402391082}
		{99ADDC9D-9235-4D6A-A307-6AC7FD5EB90A} = {73E2348C-24B0-4E61-8EC7-6E6745E50F0D}
		{31484A38-295C-4D18-BAEF-9BE8E2D53F38} = {73E2348C-24B0-4E61-8EC7-6E6745E50F0D}
		{C7BEEA60-0AD9-4851-A2C1-485FFE52A03C} = {31484A38-295C-4D18-BAEF-9BE8E2D53F38}
		{EA38BBFE-8186-4718-8D68-A8A04DEABFB4} = {99ADDC9D-9235-4D6A-A307-6AC7FD5EB90A}
		{5CAF5A00-6997-41E4-B33E-CA2C6AE3363B} = {662B77D5-0E78-46D1-91E7-42B36ADA25D9}
	EndGlobalSection
EndGlobal
